// !$*UTF8*$!
{
	archiveVersion = 1;
	classes = {
	};
	objectVersion = 51;
	objects = {

/* Begin PBXBuildFile section */
		6C751A712562B21300D64088 /* PickerViewController.swift in Sources */ = {isa = PBXBuildFile; fileRef = 6C751A702562B21300D64088 /* PickerViewController.swift */; };
		6CAAF251252C853E00F55D13 /* AppDelegate.swift in Sources */ = {isa = PBXBuildFile; fileRef = 6CAAF250252C853E00F55D13 /* AppDelegate.swift */; };
		6CAAF253252C853E00F55D13 /* SceneDelegate.swift in Sources */ = {isa = PBXBuildFile; fileRef = 6CAAF252252C853E00F55D13 /* SceneDelegate.swift */; };
		6CAAF255252C853E00F55D13 /* CovidViewController.swift in Sources */ = {isa = PBXBuildFile; fileRef = 6CAAF254252C853E00F55D13 /* CovidViewController.swift */; };
		6CAAF258252C853E00F55D13 /* Main.storyboard in Resources */ = {isa = PBXBuildFile; fileRef = 6CAAF256252C853E00F55D13 /* Main.storyboard */; };
		6CAAF25A252C854000F55D13 /* Assets.xcassets in Resources */ = {isa = PBXBuildFile; fileRef = 6CAAF259252C854000F55D13 /* Assets.xcassets */; };
		6CAAF25D252C854000F55D13 /* LaunchScreen.storyboard in Resources */ = {isa = PBXBuildFile; fileRef = 6CAAF25B252C854000F55D13 /* LaunchScreen.storyboard */; };
		6CAAF268252C854000F55D13 /* CovidTests.swift in Sources */ = {isa = PBXBuildFile; fileRef = 6CAAF267252C854000F55D13 /* CovidTests.swift */; };
		6CAAF273252C854000F55D13 /* CovidUITests.swift in Sources */ = {isa = PBXBuildFile; fileRef = 6CAAF272252C854000F55D13 /* CovidUITests.swift */; };
		6CE26199252EC706009C28F8 /* CovidModel.swift in Sources */ = {isa = PBXBuildFile; fileRef = 6CE26198252EC706009C28F8 /* CovidModel.swift */; };
		6CE2619E252EC71E009C28F8 /* CovidData.swift in Sources */ = {isa = PBXBuildFile; fileRef = 6CE2619D252EC71E009C28F8 /* CovidData.swift */; };
		6CE261A6252EC739009C28F8 /* CovidManager.swift in Sources */ = {isa = PBXBuildFile; fileRef = 6CE261A5252EC739009C28F8 /* CovidManager.swift */; };
		DC5982B845701404A1BD9587 /* Pods_Covid.framework in Frameworks */ = {isa = PBXBuildFile; fileRef = F7F4D85D28B7B4D97D0F654C /* Pods_Covid.framework */; };
/* End PBXBuildFile section */

/* Begin PBXContainerItemProxy section */
		6CAAF264252C854000F55D13 /* PBXContainerItemProxy */ = {
			isa = PBXContainerItemProxy;
			containerPortal = 6CAAF245252C853E00F55D13 /* Project object */;
			proxyType = 1;
			remoteGlobalIDString = 6CAAF24C252C853E00F55D13;
			remoteInfo = Covid;
		};
		6CAAF26F252C854000F55D13 /* PBXContainerItemProxy */ = {
			isa = PBXContainerItemProxy;
			containerPortal = 6CAAF245252C853E00F55D13 /* Project object */;
			proxyType = 1;
			remoteGlobalIDString = 6CAAF24C252C853E00F55D13;
			remoteInfo = Covid;
		};
/* End PBXContainerItemProxy section */

/* Begin PBXFileReference section */
		6C751A702562B21300D64088 /* PickerViewController.swift */ = {isa = PBXFileReference; lastKnownFileType = sourcecode.swift; path = PickerViewController.swift; sourceTree = "<group>"; };
		6CAAF24D252C853E00F55D13 /* Covid.app */ = {isa = PBXFileReference; explicitFileType = wrapper.application; includeInIndex = 0; path = Covid.app; sourceTree = BUILT_PRODUCTS_DIR; };
		6CAAF250252C853E00F55D13 /* AppDelegate.swift */ = {isa = PBXFileReference; lastKnownFileType = sourcecode.swift; path = AppDelegate.swift; sourceTree = "<group>"; };
		6CAAF252252C853E00F55D13 /* SceneDelegate.swift */ = {isa = PBXFileReference; lastKnownFileType = sourcecode.swift; path = SceneDelegate.swift; sourceTree = "<group>"; };
		6CAAF254252C853E00F55D13 /* CovidViewController.swift */ = {isa = PBXFileReference; lastKnownFileType = sourcecode.swift; path = CovidViewController.swift; sourceTree = "<group>"; };
		6CAAF257252C853E00F55D13 /* Base */ = {isa = PBXFileReference; lastKnownFileType = file.storyboard; name = Base; path = Base.lproj/Main.storyboard; sourceTree = "<group>"; };
		6CAAF259252C854000F55D13 /* Assets.xcassets */ = {isa = PBXFileReference; lastKnownFileType = folder.assetcatalog; path = Assets.xcassets; sourceTree = "<group>"; };
		6CAAF25C252C854000F55D13 /* Base */ = {isa = PBXFileReference; lastKnownFileType = file.storyboard; name = Base; path = Base.lproj/LaunchScreen.storyboard; sourceTree = "<group>"; };
		6CAAF25E252C854000F55D13 /* Info.plist */ = {isa = PBXFileReference; lastKnownFileType = text.plist.xml; path = Info.plist; sourceTree = "<group>"; };
		6CAAF263252C854000F55D13 /* CovidTests.xctest */ = {isa = PBXFileReference; explicitFileType = wrapper.cfbundle; includeInIndex = 0; path = CovidTests.xctest; sourceTree = BUILT_PRODUCTS_DIR; };
		6CAAF267252C854000F55D13 /* CovidTests.swift */ = {isa = PBXFileReference; lastKnownFileType = sourcecode.swift; path = CovidTests.swift; sourceTree = "<group>"; };
		6CAAF269252C854000F55D13 /* Info.plist */ = {isa = PBXFileReference; lastKnownFileType = text.plist.xml; path = Info.plist; sourceTree = "<group>"; };
		6CAAF26E252C854000F55D13 /* CovidUITests.xctest */ = {isa = PBXFileReference; explicitFileType = wrapper.cfbundle; includeInIndex = 0; path = CovidUITests.xctest; sourceTree = BUILT_PRODUCTS_DIR; };
		6CAAF272252C854000F55D13 /* CovidUITests.swift */ = {isa = PBXFileReference; lastKnownFileType = sourcecode.swift; path = CovidUITests.swift; sourceTree = "<group>"; };
		6CAAF274252C854000F55D13 /* Info.plist */ = {isa = PBXFileReference; lastKnownFileType = text.plist.xml; path = Info.plist; sourceTree = "<group>"; };
		6CE26198252EC706009C28F8 /* CovidModel.swift */ = {isa = PBXFileReference; lastKnownFileType = sourcecode.swift; path = CovidModel.swift; sourceTree = "<group>"; };
		6CE2619D252EC71E009C28F8 /* CovidData.swift */ = {isa = PBXFileReference; lastKnownFileType = sourcecode.swift; path = CovidData.swift; sourceTree = "<group>"; };
		6CE261A5252EC739009C28F8 /* CovidManager.swift */ = {isa = PBXFileReference; lastKnownFileType = sourcecode.swift; path = CovidManager.swift; sourceTree = "<group>"; };
		7E134432D9DB0BA91A070A36 /* Pods-Covid.debug.xcconfig */ = {isa = PBXFileReference; includeInIndex = 1; lastKnownFileType = text.xcconfig; name = "Pods-Covid.debug.xcconfig"; path = "Target Support Files/Pods-Covid/Pods-Covid.debug.xcconfig"; sourceTree = "<group>"; };
		B9C1B6B9FA51FF7E799DECC1 /* Pods-Covid.release.xcconfig */ = {isa = PBXFileReference; includeInIndex = 1; lastKnownFileType = text.xcconfig; name = "Pods-Covid.release.xcconfig"; path = "Target Support Files/Pods-Covid/Pods-Covid.release.xcconfig"; sourceTree = "<group>"; };
		F7F4D85D28B7B4D97D0F654C /* Pods_Covid.framework */ = {isa = PBXFileReference; explicitFileType = wrapper.framework; includeInIndex = 0; path = Pods_Covid.framework; sourceTree = BUILT_PRODUCTS_DIR; };
/* End PBXFileReference section */

/* Begin PBXFrameworksBuildPhase section */
		6CAAF24A252C853E00F55D13 /* Frameworks */ = {
			isa = PBXFrameworksBuildPhase;
			buildActionMask = 2147483647;
			files = (
				DC5982B845701404A1BD9587 /* Pods_Covid.framework in Frameworks */,
			);
			runOnlyForDeploymentPostprocessing = 0;
		};
		6CAAF260252C854000F55D13 /* Frameworks */ = {
			isa = PBXFrameworksBuildPhase;
			buildActionMask = 2147483647;
			files = (
			);
			runOnlyForDeploymentPostprocessing = 0;
		};
		6CAAF26B252C854000F55D13 /* Frameworks */ = {
			isa = PBXFrameworksBuildPhase;
			buildActionMask = 2147483647;
			files = (
			);
			runOnlyForDeploymentPostprocessing = 0;
		};
/* End PBXFrameworksBuildPhase section */

/* Begin PBXGroup section */
		228D71A0276A842F2325508F /* Frameworks */ = {
			isa = PBXGroup;
			children = (
				F7F4D85D28B7B4D97D0F654C /* Pods_Covid.framework */,
			);
			name = Frameworks;
			sourceTree = "<group>";
		};
		6CAAF244252C853E00F55D13 = {
			isa = PBXGroup;
			children = (
				6CAAF24F252C853E00F55D13 /* Covid */,
				6CAAF266252C854000F55D13 /* CovidTests */,
				6CAAF271252C854000F55D13 /* CovidUITests */,
				6CAAF24E252C853E00F55D13 /* Products */,
				E12DAD03E533D7948BDAE8E0 /* Pods */,
				228D71A0276A842F2325508F /* Frameworks */,
			);
			sourceTree = "<group>";
		};
		6CAAF24E252C853E00F55D13 /* Products */ = {
			isa = PBXGroup;
			children = (
				6CAAF24D252C853E00F55D13 /* Covid.app */,
				6CAAF263252C854000F55D13 /* CovidTests.xctest */,
				6CAAF26E252C854000F55D13 /* CovidUITests.xctest */,
			);
			name = Products;
			sourceTree = "<group>";
		};
		6CAAF24F252C853E00F55D13 /* Covid */ = {
			isa = PBXGroup;
			children = (
				6CAAF250252C853E00F55D13 /* AppDelegate.swift */,
				6CAAF252252C853E00F55D13 /* SceneDelegate.swift */,
				6CE26192252EC5FA009C28F8 /* Model */,
				6CE26191252EC5E6009C28F8 /* View */,
				6CE26193252EC602009C28F8 /* Controller */,
				6CAAF259252C854000F55D13 /* Assets.xcassets */,
				6CAAF25B252C854000F55D13 /* LaunchScreen.storyboard */,
				6CAAF25E252C854000F55D13 /* Info.plist */,
			);
			path = Covid;
			sourceTree = "<group>";
		};
		6CAAF266252C854000F55D13 /* CovidTests */ = {
			isa = PBXGroup;
			children = (
				6CAAF267252C854000F55D13 /* CovidTests.swift */,
				6CAAF269252C854000F55D13 /* Info.plist */,
			);
			path = CovidTests;
			sourceTree = "<group>";
		};
		6CAAF271252C854000F55D13 /* CovidUITests */ = {
			isa = PBXGroup;
			children = (
				6CAAF272252C854000F55D13 /* CovidUITests.swift */,
				6CAAF274252C854000F55D13 /* Info.plist */,
			);
			path = CovidUITests;
			sourceTree = "<group>";
		};
		6CE26191252EC5E6009C28F8 /* View */ = {
			isa = PBXGroup;
			children = (
				6CAAF256252C853E00F55D13 /* Main.storyboard */,
			);
			path = View;
			sourceTree = "<group>";
		};
		6CE26192252EC5FA009C28F8 /* Model */ = {
			isa = PBXGroup;
			children = (
				6CE261A5252EC739009C28F8 /* CovidManager.swift */,
				6CE26198252EC706009C28F8 /* CovidModel.swift */,
				6CE2619D252EC71E009C28F8 /* CovidData.swift */,
			);
			path = Model;
			sourceTree = "<group>";
		};
		6CE26193252EC602009C28F8 /* Controller */ = {
			isa = PBXGroup;
			children = (
				6CAAF254252C853E00F55D13 /* CovidViewController.swift */,
				6C751A702562B21300D64088 /* PickerViewController.swift */,
			);
			path = Controller;
			sourceTree = "<group>";
		};
		E12DAD03E533D7948BDAE8E0 /* Pods */ = {
			isa = PBXGroup;
			children = (
				7E134432D9DB0BA91A070A36 /* Pods-Covid.debug.xcconfig */,
				B9C1B6B9FA51FF7E799DECC1 /* Pods-Covid.release.xcconfig */,
			);
			path = Pods;
			sourceTree = "<group>";
		};
/* End PBXGroup section */

/* Begin PBXNativeTarget section */
		6CAAF24C252C853E00F55D13 /* Covid */ = {
			isa = PBXNativeTarget;
			buildConfigurationList = 6CAAF277252C854000F55D13 /* Build configuration list for PBXNativeTarget "Covid" */;
			buildPhases = (
				CE91A3BE7C8DDE25F1A25F5D /* [CP] Check Pods Manifest.lock */,
				6CAAF249252C853E00F55D13 /* Sources */,
				6CAAF24A252C853E00F55D13 /* Frameworks */,
				6CAAF24B252C853E00F55D13 /* Resources */,
				601D2D272DAA8DC0BE4BF18B /* [CP] Embed Pods Frameworks */,
			);
			buildRules = (
			);
			dependencies = (
			);
			name = Covid;
			productName = Covid;
			productReference = 6CAAF24D252C853E00F55D13 /* Covid.app */;
			productType = "com.apple.product-type.application";
		};
		6CAAF262252C854000F55D13 /* CovidTests */ = {
			isa = PBXNativeTarget;
			buildConfigurationList = 6CAAF27A252C854000F55D13 /* Build configuration list for PBXNativeTarget "CovidTests" */;
			buildPhases = (
				6CAAF25F252C854000F55D13 /* Sources */,
				6CAAF260252C854000F55D13 /* Frameworks */,
				6CAAF261252C854000F55D13 /* Resources */,
			);
			buildRules = (
			);
			dependencies = (
				6CAAF265252C854000F55D13 /* PBXTargetDependency */,
			);
			name = CovidTests;
			productName = CovidTests;
			productReference = 6CAAF263252C854000F55D13 /* CovidTests.xctest */;
			productType = "com.apple.product-type.bundle.unit-test";
		};
		6CAAF26D252C854000F55D13 /* CovidUITests */ = {
			isa = PBXNativeTarget;
			buildConfigurationList = 6CAAF27D252C854000F55D13 /* Build configuration list for PBXNativeTarget "CovidUITests" */;
			buildPhases = (
				6CAAF26A252C854000F55D13 /* Sources */,
				6CAAF26B252C854000F55D13 /* Frameworks */,
				6CAAF26C252C854000F55D13 /* Resources */,
			);
			buildRules = (
			);
			dependencies = (
				6CAAF270252C854000F55D13 /* PBXTargetDependency */,
			);
			name = CovidUITests;
			productName = CovidUITests;
			productReference = 6CAAF26E252C854000F55D13 /* CovidUITests.xctest */;
			productType = "com.apple.product-type.bundle.ui-testing";
		};
/* End PBXNativeTarget section */

/* Begin PBXProject section */
		6CAAF245252C853E00F55D13 /* Project object */ = {
			isa = PBXProject;
			attributes = {
				LastSwiftUpdateCheck = 1200;
				LastUpgradeCheck = 1200;
				TargetAttributes = {
					6CAAF24C252C853E00F55D13 = {
						CreatedOnToolsVersion = 12.0.1;
					};
					6CAAF262252C854000F55D13 = {
						CreatedOnToolsVersion = 12.0.1;
						TestTargetID = 6CAAF24C252C853E00F55D13;
					};
					6CAAF26D252C854000F55D13 = {
						CreatedOnToolsVersion = 12.0.1;
						TestTargetID = 6CAAF24C252C853E00F55D13;
					};
				};
			};
			buildConfigurationList = 6CAAF248252C853E00F55D13 /* Build configuration list for PBXProject "Covid" */;
			compatibilityVersion = "Xcode 9.3";
			developmentRegion = en;
			hasScannedForEncodings = 0;
			knownRegions = (
				en,
				Base,
			);
			mainGroup = 6CAAF244252C853E00F55D13;
			productRefGroup = 6CAAF24E252C853E00F55D13 /* Products */;
			projectDirPath = "";
			projectRoot = "";
			targets = (
				6CAAF24C252C853E00F55D13 /* Covid */,
				6CAAF262252C854000F55D13 /* CovidTests */,
				6CAAF26D252C854000F55D13 /* CovidUITests */,
			);
		};
/* End PBXProject section */

/* Begin PBXResourcesBuildPhase section */
		6CAAF24B252C853E00F55D13 /* Resources */ = {
			isa = PBXResourcesBuildPhase;
			buildActionMask = 2147483647;
			files = (
				6CAAF25D252C854000F55D13 /* LaunchScreen.storyboard in Resources */,
				6CAAF25A252C854000F55D13 /* Assets.xcassets in Resources */,
				6CAAF258252C853E00F55D13 /* Main.storyboard in Resources */,
			);
			runOnlyForDeploymentPostprocessing = 0;
		};
		6CAAF261252C854000F55D13 /* Resources */ = {
			isa = PBXResourcesBuildPhase;
			buildActionMask = 2147483647;
			files = (
			);
			runOnlyForDeploymentPostprocessing = 0;
		};
		6CAAF26C252C854000F55D13 /* Resources */ = {
			isa = PBXResourcesBuildPhase;
			buildActionMask = 2147483647;
			files = (
			);
			runOnlyForDeploymentPostprocessing = 0;
		};
/* End PBXResourcesBuildPhase section */

/* Begin PBXShellScriptBuildPhase section */
		601D2D272DAA8DC0BE4BF18B /* [CP] Embed Pods Frameworks */ = {
			isa = PBXShellScriptBuildPhase;
			buildActionMask = 2147483647;
			files = (
			);
			inputFileListPaths = (
				"${PODS_ROOT}/Target Support Files/Pods-Covid/Pods-Covid-frameworks-${CONFIGURATION}-input-files.xcfilelist",
			);
			name = "[CP] Embed Pods Frameworks";
			outputFileListPaths = (
				"${PODS_ROOT}/Target Support Files/Pods-Covid/Pods-Covid-frameworks-${CONFIGURATION}-output-files.xcfilelist",
			);
			runOnlyForDeploymentPostprocessing = 0;
			shellPath = /bin/sh;
			shellScript = "\"${PODS_ROOT}/Target Support Files/Pods-Covid/Pods-Covid-frameworks.sh\"\n";
			showEnvVarsInLog = 0;
		};
		CE91A3BE7C8DDE25F1A25F5D /* [CP] Check Pods Manifest.lock */ = {
			isa = PBXShellScriptBuildPhase;
			buildActionMask = 2147483647;
			files = (
			);
			inputFileListPaths = (
			);
			inputPaths = (
				"${PODS_PODFILE_DIR_PATH}/Podfile.lock",
				"${PODS_ROOT}/Manifest.lock",
			);
			name = "[CP] Check Pods Manifest.lock";
			outputFileListPaths = (
			);
			outputPaths = (
				"$(DERIVED_FILE_DIR)/Pods-Covid-checkManifestLockResult.txt",
			);
			runOnlyForDeploymentPostprocessing = 0;
			shellPath = /bin/sh;
			shellScript = "diff \"${PODS_PODFILE_DIR_PATH}/Podfile.lock\" \"${PODS_ROOT}/Manifest.lock\" > /dev/null\nif [ $? != 0 ] ; then\n    # print error to STDERR\n    echo \"error: The sandbox is not in sync with the Podfile.lock. Run 'pod install' or update your CocoaPods installation.\" >&2\n    exit 1\nfi\n# This output is used by Xcode 'outputs' to avoid re-running this script phase.\necho \"SUCCESS\" > \"${SCRIPT_OUTPUT_FILE_0}\"\n";
			showEnvVarsInLog = 0;
		};
/* End PBXShellScriptBuildPhase section */

/* Begin PBXSourcesBuildPhase section */
		6CAAF249252C853E00F55D13 /* Sources */ = {
			isa = PBXSourcesBuildPhase;
			buildActionMask = 2147483647;
			files = (
				6CAAF255252C853E00F55D13 /* CovidViewController.swift in Sources */,
				6CE2619E252EC71E009C28F8 /* CovidData.swift in Sources */,
				6CE26199252EC706009C28F8 /* CovidModel.swift in Sources */,
				6CE261A6252EC739009C28F8 /* CovidManager.swift in Sources */,
				6CAAF251252C853E00F55D13 /* AppDelegate.swift in Sources */,
				6C751A712562B21300D64088 /* PickerViewController.swift in Sources */,
				6CAAF253252C853E00F55D13 /* SceneDelegate.swift in Sources */,
			);
			runOnlyForDeploymentPostprocessing = 0;
		};
		6CAAF25F252C854000F55D13 /* Sources */ = {
			isa = PBXSourcesBuildPhase;
			buildActionMask = 2147483647;
			files = (
				6CAAF268252C854000F55D13 /* CovidTests.swift in Sources */,
			);
			runOnlyForDeploymentPostprocessing = 0;
		};
		6CAAF26A252C854000F55D13 /* Sources */ = {
			isa = PBXSourcesBuildPhase;
			buildActionMask = 2147483647;
			files = (
				6CAAF273252C854000F55D13 /* CovidUITests.swift in Sources */,
			);
			runOnlyForDeploymentPostprocessing = 0;
		};
/* End PBXSourcesBuildPhase section */

/* Begin PBXTargetDependency section */
		6CAAF265252C854000F55D13 /* PBXTargetDependency */ = {
			isa = PBXTargetDependency;
			target = 6CAAF24C252C853E00F55D13 /* Covid */;
			targetProxy = 6CAAF264252C854000F55D13 /* PBXContainerItemProxy */;
		};
		6CAAF270252C854000F55D13 /* PBXTargetDependency */ = {
			isa = PBXTargetDependency;
			target = 6CAAF24C252C853E00F55D13 /* Covid */;
			targetProxy = 6CAAF26F252C854000F55D13 /* PBXContainerItemProxy */;
		};
/* End PBXTargetDependency section */

/* Begin PBXVariantGroup section */
		6CAAF256252C853E00F55D13 /* Main.storyboard */ = {
			isa = PBXVariantGroup;
			children = (
				6CAAF257252C853E00F55D13 /* Base */,
			);
			name = Main.storyboard;
			sourceTree = "<group>";
		};
		6CAAF25B252C854000F55D13 /* LaunchScreen.storyboard */ = {
			isa = PBXVariantGroup;
			children = (
				6CAAF25C252C854000F55D13 /* Base */,
			);
			name = LaunchScreen.storyboard;
			sourceTree = "<group>";
		};
/* End PBXVariantGroup section */

/* Begin XCBuildConfiguration section */
		6CAAF275252C854000F55D13 /* Debug */ = {
			isa = XCBuildConfiguration;
			buildSettings = {
				ALWAYS_SEARCH_USER_PATHS = NO;
				CLANG_ANALYZER_NONNULL = YES;
				CLANG_ANALYZER_NUMBER_OBJECT_CONVERSION = YES_AGGRESSIVE;
				CLANG_CXX_LANGUAGE_STANDARD = "gnu++14";
				CLANG_CXX_LIBRARY = "libc++";
				CLANG_ENABLE_MODULES = YES;
				CLANG_ENABLE_OBJC_ARC = YES;
				CLANG_ENABLE_OBJC_WEAK = YES;
				CLANG_WARN_BLOCK_CAPTURE_AUTORELEASING = YES;
				CLANG_WARN_BOOL_CONVERSION = YES;
				CLANG_WARN_COMMA = YES;
				CLANG_WARN_CONSTANT_CONVERSION = YES;
				CLANG_WARN_DEPRECATED_OBJC_IMPLEMENTATIONS = YES;
				CLANG_WARN_DIRECT_OBJC_ISA_USAGE = YES_ERROR;
				CLANG_WARN_DOCUMENTATION_COMMENTS = YES;
				CLANG_WARN_EMPTY_BODY = YES;
				CLANG_WARN_ENUM_CONVERSION = YES;
				CLANG_WARN_INFINITE_RECURSION = YES;
				CLANG_WARN_INT_CONVERSION = YES;
				CLANG_WARN_NON_LITERAL_NULL_CONVERSION = YES;
				CLANG_WARN_OBJC_IMPLICIT_RETAIN_SELF = YES;
				CLANG_WARN_OBJC_LITERAL_CONVERSION = YES;
				CLANG_WARN_OBJC_ROOT_CLASS = YES_ERROR;
				CLANG_WARN_QUOTED_INCLUDE_IN_FRAMEWORK_HEADER = YES;
				CLANG_WARN_RANGE_LOOP_ANALYSIS = YES;
				CLANG_WARN_STRICT_PROTOTYPES = YES;
				CLANG_WARN_SUSPICIOUS_MOVE = YES;
				CLANG_WARN_UNGUARDED_AVAILABILITY = YES_AGGRESSIVE;
				CLANG_WARN_UNREACHABLE_CODE = YES;
				CLANG_WARN__DUPLICATE_METHOD_MATCH = YES;
				COPY_PHASE_STRIP = NO;
				DEBUG_INFORMATION_FORMAT = dwarf;
				ENABLE_STRICT_OBJC_MSGSEND = YES;
				ENABLE_TESTABILITY = YES;
				GCC_C_LANGUAGE_STANDARD = gnu11;
				GCC_DYNAMIC_NO_PIC = NO;
				GCC_NO_COMMON_BLOCKS = YES;
				GCC_OPTIMIZATION_LEVEL = 0;
				GCC_PREPROCESSOR_DEFINITIONS = (
					"DEBUG=1",
					"$(inherited)",
				);
				GCC_WARN_64_TO_32_BIT_CONVERSION = YES;
				GCC_WARN_ABOUT_RETURN_TYPE = YES_ERROR;
				GCC_WARN_UNDECLARED_SELECTOR = YES;
				GCC_WARN_UNINITIALIZED_AUTOS = YES_AGGRESSIVE;
				GCC_WARN_UNUSED_FUNCTION = YES;
				GCC_WARN_UNUSED_VARIABLE = YES;
				IPHONEOS_DEPLOYMENT_TARGET = 14.0;
				MTL_ENABLE_DEBUG_INFO = INCLUDE_SOURCE;
				MTL_FAST_MATH = YES;
				ONLY_ACTIVE_ARCH = YES;
				SDKROOT = iphoneos;
				SWIFT_ACTIVE_COMPILATION_CONDITIONS = DEBUG;
				SWIFT_OPTIMIZATION_LEVEL = "-Onone";
			};
			name = Debug;
		};
		6CAAF276252C854000F55D13 /* Release */ = {
			isa = XCBuildConfiguration;
			buildSettings = {
				ALWAYS_SEARCH_USER_PATHS = NO;
				CLANG_ANALYZER_NONNULL = YES;
				CLANG_ANALYZER_NUMBER_OBJECT_CONVERSION = YES_AGGRESSIVE;
				CLANG_CXX_LANGUAGE_STANDARD = "gnu++14";
				CLANG_CXX_LIBRARY = "libc++";
				CLANG_ENABLE_MODULES = YES;
				CLANG_ENABLE_OBJC_ARC = YES;
				CLANG_ENABLE_OBJC_WEAK = YES;
				CLANG_WARN_BLOCK_CAPTURE_AUTORELEASING = YES;
				CLANG_WARN_BOOL_CONVERSION = YES;
				CLANG_WARN_COMMA = YES;
				CLANG_WARN_CONSTANT_CONVERSION = YES;
				CLANG_WARN_DEPRECATED_OBJC_IMPLEMENTATIONS = YES;
				CLANG_WARN_DIRECT_OBJC_ISA_USAGE = YES_ERROR;
				CLANG_WARN_DOCUMENTATION_COMMENTS = YES;
				CLANG_WARN_EMPTY_BODY = YES;
				CLANG_WARN_ENUM_CONVERSION = YES;
				CLANG_WARN_INFINITE_RECURSION = YES;
				CLANG_WARN_INT_CONVERSION = YES;
				CLANG_WARN_NON_LITERAL_NULL_CONVERSION = YES;
				CLANG_WARN_OBJC_IMPLICIT_RETAIN_SELF = YES;
				CLANG_WARN_OBJC_LITERAL_CONVERSION = YES;
				CLANG_WARN_OBJC_ROOT_CLASS = YES_ERROR;
				CLANG_WARN_QUOTED_INCLUDE_IN_FRAMEWORK_HEADER = YES;
				CLANG_WARN_RANGE_LOOP_ANALYSIS = YES;
				CLANG_WARN_STRICT_PROTOTYPES = YES;
				CLANG_WARN_SUSPICIOUS_MOVE = YES;
				CLANG_WARN_UNGUARDED_AVAILABILITY = YES_AGGRESSIVE;
				CLANG_WARN_UNREACHABLE_CODE = YES;
				CLANG_WARN__DUPLICATE_METHOD_MATCH = YES;
				COPY_PHASE_STRIP = NO;
				DEBUG_INFORMATION_FORMAT = "dwarf-with-dsym";
				ENABLE_NS_ASSERTIONS = NO;
				ENABLE_STRICT_OBJC_MSGSEND = YES;
				GCC_C_LANGUAGE_STANDARD = gnu11;
				GCC_NO_COMMON_BLOCKS = YES;
				GCC_WARN_64_TO_32_BIT_CONVERSION = YES;
				GCC_WARN_ABOUT_RETURN_TYPE = YES_ERROR;
				GCC_WARN_UNDECLARED_SELECTOR = YES;
				GCC_WARN_UNINITIALIZED_AUTOS = YES_AGGRESSIVE;
				GCC_WARN_UNUSED_FUNCTION = YES;
				GCC_WARN_UNUSED_VARIABLE = YES;
				IPHONEOS_DEPLOYMENT_TARGET = 14.0;
				MTL_ENABLE_DEBUG_INFO = NO;
				MTL_FAST_MATH = YES;
				SDKROOT = iphoneos;
				SWIFT_COMPILATION_MODE = wholemodule;
				SWIFT_OPTIMIZATION_LEVEL = "-O";
				VALIDATE_PRODUCT = YES;
			};
			name = Release;
		};
		6CAAF278252C854000F55D13 /* Debug */ = {
			isa = XCBuildConfiguration;
			baseConfigurationReference = 7E134432D9DB0BA91A070A36 /* Pods-Covid.debug.xcconfig */;
			buildSettings = {
				ASSETCATALOG_COMPILER_APPICON_NAME = AppIcon;
				ASSETCATALOG_COMPILER_GLOBAL_ACCENT_COLOR_NAME = AccentColor;
				CODE_SIGN_STYLE = Automatic;
				DEVELOPMENT_TEAM = 5555224DJG;
				INFOPLIST_FILE = Covid/Info.plist;
				LD_RUNPATH_SEARCH_PATHS = (
					"$(inherited)",
					"@executable_path/Frameworks",
				);
				PRODUCT_BUNDLE_IDENTIFIER = cpp.Covid;
				PRODUCT_NAME = "$(TARGET_NAME)";
				SWIFT_VERSION = 5.0;
				TARGETED_DEVICE_FAMILY = "1,2";
			};
			name = Debug;
		};
		6CAAF279252C854000F55D13 /* Release */ = {
			isa = XCBuildConfiguration;
			baseConfigurationReference = B9C1B6B9FA51FF7E799DECC1 /* Pods-Covid.release.xcconfig */;
			buildSettings = {
				ASSETCATALOG_COMPILER_APPICON_NAME = AppIcon;
				ASSETCATALOG_COMPILER_GLOBAL_ACCENT_COLOR_NAME = AccentColor;
				CODE_SIGN_STYLE = Automatic;
				DEVELOPMENT_TEAM = 5555224DJG;
				INFOPLIST_FILE = Covid/Info.plist;
				LD_RUNPATH_SEARCH_PATHS = (
					"$(inherited)",
					"@executable_path/Frameworks",
				);
				PRODUCT_BUNDLE_IDENTIFIER = cpp.Covid;
				PRODUCT_NAME = "$(TARGET_NAME)";
				SWIFT_VERSION = 5.0;
				TARGETED_DEVICE_FAMILY = "1,2";
			};
			name = Release;
		};
		6CAAF27B252C854000F55D13 /* Debug */ = {
			isa = XCBuildConfiguration;
			buildSettings = {
				ALWAYS_EMBED_SWIFT_STANDARD_LIBRARIES = YES;
				BUNDLE_LOADER = "$(TEST_HOST)";
				CODE_SIGN_STYLE = Automatic;
				DEVELOPMENT_TEAM = 5555224DJG;
				INFOPLIST_FILE = CovidTests/Info.plist;
				IPHONEOS_DEPLOYMENT_TARGET = 14.0;
				LD_RUNPATH_SEARCH_PATHS = (
					"$(inherited)",
					"@executable_path/Frameworks",
					"@loader_path/Frameworks",
				);
				PRODUCT_BUNDLE_IDENTIFIER = cpp.CovidTests;
				PRODUCT_NAME = "$(TARGET_NAME)";
				SWIFT_VERSION = 5.0;
				TARGETED_DEVICE_FAMILY = "1,2";
				TEST_HOST = "$(BUILT_PRODUCTS_DIR)/Covid.app/Covid";
			};
			name = Debug;
		};
		6CAAF27C252C854000F55D13 /* Release */ = {
			isa = XCBuildConfiguration;
			buildSettings = {
				ALWAYS_EMBED_SWIFT_STANDARD_LIBRARIES = YES;
				BUNDLE_LOADER = "$(TEST_HOST)";
				CODE_SIGN_STYLE = Automatic;
				DEVELOPMENT_TEAM = 5555224DJG;
				INFOPLIST_FILE = CovidTests/Info.plist;
				IPHONEOS_DEPLOYMENT_TARGET = 14.0;
				LD_RUNPATH_SEARCH_PATHS = (
					"$(inherited)",
					"@executable_path/Frameworks",
					"@loader_path/Frameworks",
				);
				PRODUCT_BUNDLE_IDENTIFIER = cpp.CovidTests;
				PRODUCT_NAME = "$(TARGET_NAME)";
				SWIFT_VERSION = 5.0;
				TARGETED_DEVICE_FAMILY = "1,2";
				TEST_HOST = "$(BUILT_PRODUCTS_DIR)/Covid.app/Covid";
			};
			name = Release;
		};
		6CAAF27E252C854000F55D13 /* Debug */ = {
			isa = XCBuildConfiguration;
			buildSettings = {
				ALWAYS_EMBED_SWIFT_STANDARD_LIBRARIES = YES;
				CODE_SIGN_STYLE = Automatic;
				DEVELOPMENT_TEAM = 5555224DJG;
				INFOPLIST_FILE = CovidUITests/Info.plist;
				LD_RUNPATH_SEARCH_PATHS = (
					"$(inherited)",
					"@executable_path/Frameworks",
					"@loader_path/Frameworks",
				);
				PRODUCT_BUNDLE_IDENTIFIER = cpp.CovidUITests;
				PRODUCT_NAME = "$(TARGET_NAME)";
				SWIFT_VERSION = 5.0;
				TARGETED_DEVICE_FAMILY = "1,2";
				TEST_TARGET_NAME = Covid;
			};
			name = Debug;
		};
		6CAAF27F252C854000F55D13 /* Release */ = {
			isa = XCBuildConfiguration;
			buildSettings = {
				ALWAYS_EMBED_SWIFT_STANDARD_LIBRARIES = YES;
				CODE_SIGN_STYLE = Automatic;
				DEVELOPMENT_TEAM = 5555224DJG;
				INFOPLIST_FILE = CovidUITests/Info.plist;
				LD_RUNPATH_SEARCH_PATHS = (
					"$(inherited)",
					"@executable_path/Frameworks",
					"@loader_path/Frameworks",
				);
				PRODUCT_BUNDLE_IDENTIFIER = cpp.CovidUITests;
				PRODUCT_NAME = "$(TARGET_NAME)";
				SWIFT_VERSION = 5.0;
				TARGETED_DEVICE_FAMILY = "1,2";
				TEST_TARGET_NAME = Covid;
			};
			name = Release;
		};
/* End XCBuildConfiguration section */

/* Begin XCConfigurationList section */
		6CAAF248252C853E00F55D13 /* Build configuration list for PBXProject "Covid" */ = {
			isa = XCConfigurationList;
			buildConfigurations = (
				6CAAF275252C854000F55D13 /* Debug */,
				6CAAF276252C854000F55D13 /* Release */,
			);
			defaultConfigurationIsVisible = 0;
			defaultConfigurationName = Release;
		};
		6CAAF277252C854000F55D13 /* Build configuration list for PBXNativeTarget "Covid" */ = {
			isa = XCConfigurationList;
			buildConfigurations = (
				6CAAF278252C854000F55D13 /* Debug */,
				6CAAF279252C854000F55D13 /* Release */,
			);
			defaultConfigurationIsVisible = 0;
			defaultConfigurationName = Release;
		};
		6CAAF27A252C854000F55D13 /* Build configuration list for PBXNativeTarget "CovidTests" */ = {
			isa = XCConfigurationList;
			buildConfigurations = (
				6CAAF27B252C854000F55D13 /* Debug */,
				6CAAF27C252C854000F55D13 /* Release */,
			);
			defaultConfigurationIsVisible = 0;
			defaultConfigurationName = Release;
		};
		6CAAF27D252C854000F55D13 /* Build configuration list for PBXNativeTarget "CovidUITests" */ = {
			isa = XCConfigurationList;
			buildConfigurations = (
				6CAAF27E252C854000F55D13 /* Debug */,
				6CAAF27F252C854000F55D13 /* Release */,
			);
			defaultConfigurationIsVisible = 0;
			defaultConfigurationName = Release;
		};
/* End XCConfigurationList section */
	};
	rootObject = 6CAAF245252C853E00F55D13 /* Project object */;
}
